
Microsoft Visual Studio Solution File, Format Version 12.00
# Visual Studio 14
VisualStudioVersion = 14.0.25420.1
MinimumVisualStudioVersion = 10.0.40219.1
Project("{8BB2217D-0F2D-49D1-97BC-3654ED321F3B}") = "Valorl.GTLibrary.Api", "Valorl.GTLibrary.Api\Valorl.GTLibrary.Api.xproj", "{1D813DD8-F235-42E5-9E4C-6C1C283FB93D}"
EndProject
Global
	GlobalSection(SolutionConfigurationPlatforms) = preSolution
		Debug|Any CPU = Debug|Any CPU
		Release|Any CPU = Release|Any CPU
	EndGlobalSection
	GlobalSection(ProjectConfigurationPlatforms) = postSolution
		{1D813DD8-F235-42E5-9E4C-6C1C283FB93D}.Debug|Any CPU.ActiveCfg = Debug|Any CPU
		{1D813DD8-F235-42E5-9E4C-6C1C283FB93D}.Debug|Any CPU.Build.0 = Debug|Any CPU
		{1D813DD8-F235-42E5-9E4C-6C1C283FB93D}.Release|Any CPU.ActiveCfg = Release|Any CPU
		{1D813DD8-F235-42E5-9E4C-6C1C283FB93D}.Release|Any CPU.Build.0 = Release|Any CPU
	EndGlobalSection
	GlobalSection(SolutionProperties) = preSolution
		HideSolutionNode = FALSE
	EndGlobalSection
	GlobalSection(NestedProjects) = preSolution
		{1D813DD8-F235-42E5-9E4C-6C1C283FB93D} = {7C58B2EC-03A0-40DD-A0F1-D905C4E56BEB}
	EndGlobalSection
EndGlobal
