
Microsoft Visual Studio Solution File, Format Version 12.00
# Visual Studio 15
VisualStudioVersion = 15.0.26228.9
MinimumVisualStudioVersion = 10.0.40219.1
Project("{FAE04EC0-301F-11D3-BF4B-00C04F79EFBC}") = "Valorl.GTLibrary.Api", "Valorl.GTLibrary.Api\Valorl.GTLibrary.Api.csproj", "{CF3811B0-C8A5-457C-B717-D2DA600ACE95}"
EndProject
Global
	GlobalSection(SolutionConfigurationPlatforms) = preSolution
		Debug|Any CPU = Debug|Any CPU
		Release|Any CPU = Release|Any CPU
	EndGlobalSection
	GlobalSection(ProjectConfigurationPlatforms) = postSolution
		{CF3811B0-C8A5-457C-B717-D2DA600ACE95}.Debug|Any CPU.ActiveCfg = Debug|Any CPU
		{CF3811B0-C8A5-457C-B717-D2DA600ACE95}.Debug|Any CPU.Build.0 = Debug|Any CPU
		{CF3811B0-C8A5-457C-B717-D2DA600ACE95}.Release|Any CPU.ActiveCfg = Release|Any CPU
		{CF3811B0-C8A5-457C-B717-D2DA600ACE95}.Release|Any CPU.Build.0 = Release|Any CPU
	EndGlobalSection
	GlobalSection(SolutionProperties) = preSolution
		HideSolutionNode = FALSE
	EndGlobalSection
EndGlobal
